
Microsoft Visual Studio Solution File, Format Version 12.00
# Visual Studio Version 17
VisualStudioVersion = 17.3.32922.545
MinimumVisualStudioVersion = 10.0.40219.1
Project("{FAE04EC0-301F-11D3-BF4B-00C04F79EFBC}") = "NLayerJqGrid.DataAccess", "NLayerJqGrid.DataAccess\NLayerJqGrid.DataAccess.csproj", "{326F6908-913D-4A20-9002-A3F24BC30E89}"
EndProject
Project("{FAE04EC0-301F-11D3-BF4B-00C04F79EFBC}") = "NLayerJqGrid.Business", "NLayerJqGrid.Business\NLayerJqGrid.Business.csproj", "{83ECA54B-826A-49C3-9FAD-1643808D5218}"
EndProject
Project("{FAE04EC0-301F-11D3-BF4B-00C04F79EFBC}") = "NLayerJqGrid.MVC", "NLayerJqGrid.MVC\NLayerJqGrid.MVC.csproj", "{C8B1BD43-FF7B-45A2-81BE-AA46D7E45FBC}"
EndProject
Project("{FAE04EC0-301F-11D3-BF4B-00C04F79EFBC}") = "NLayerJqGrid.Core", "NLayerJqGrid.Core\NLayerJqGrid.Core.csproj", "{A5E50CFB-D169-464E-B6A8-857DEB6C950C}"
EndProject
Global
	GlobalSection(SolutionConfigurationPlatforms) = preSolution
		Debug|Any CPU = Debug|Any CPU
		Release|Any CPU = Release|Any CPU
	EndGlobalSection
	GlobalSection(ProjectConfigurationPlatforms) = postSolution
		{326F6908-913D-4A20-9002-A3F24BC30E89}.Debug|Any CPU.ActiveCfg = Debug|Any CPU
		{326F6908-913D-4A20-9002-A3F24BC30E89}.Debug|Any CPU.Build.0 = Debug|Any CPU
		{326F6908-913D-4A20-9002-A3F24BC30E89}.Release|Any CPU.ActiveCfg = Release|Any CPU
		{326F6908-913D-4A20-9002-A3F24BC30E89}.Release|Any CPU.Build.0 = Release|Any CPU
		{83ECA54B-826A-49C3-9FAD-1643808D5218}.Debug|Any CPU.ActiveCfg = Debug|Any CPU
		{83ECA54B-826A-49C3-9FAD-1643808D5218}.Debug|Any CPU.Build.0 = Debug|Any CPU
		{83ECA54B-826A-49C3-9FAD-1643808D5218}.Release|Any CPU.ActiveCfg = Release|Any CPU
		{83ECA54B-826A-49C3-9FAD-1643808D5218}.Release|Any CPU.Build.0 = Release|Any CPU
		{C8B1BD43-FF7B-45A2-81BE-AA46D7E45FBC}.Debug|Any CPU.ActiveCfg = Debug|Any CPU
		{C8B1BD43-FF7B-45A2-81BE-AA46D7E45FBC}.Debug|Any CPU.Build.0 = Debug|Any CPU
		{C8B1BD43-FF7B-45A2-81BE-AA46D7E45FBC}.Release|Any CPU.ActiveCfg = Release|Any CPU
		{C8B1BD43-FF7B-45A2-81BE-AA46D7E45FBC}.Release|Any CPU.Build.0 = Release|Any CPU
		{A5E50CFB-D169-464E-B6A8-857DEB6C950C}.Debug|Any CPU.ActiveCfg = Debug|Any CPU
		{A5E50CFB-D169-464E-B6A8-857DEB6C950C}.Debug|Any CPU.Build.0 = Debug|Any CPU
		{A5E50CFB-D169-464E-B6A8-857DEB6C950C}.Release|Any CPU.ActiveCfg = Release|Any CPU
		{A5E50CFB-D169-464E-B6A8-857DEB6C950C}.Release|Any CPU.Build.0 = Release|Any CPU
	EndGlobalSection
	GlobalSection(SolutionProperties) = preSolution
		HideSolutionNode = FALSE
	EndGlobalSection
	GlobalSection(ExtensibilityGlobals) = postSolution
		SolutionGuid = {2CCC4F89-808A-45B7-8E3B-7F407511B96D}
	EndGlobalSection
EndGlobal
